{
 "name": "prnguin",
 "version": "0.0.0",
 "lockfileVersion": 1,
 "requires": true,
 "dependencies": {
  "tape-modern": {
   "version": "1.0.1",
   "resolved": "https://registry.npmjs.org/tape-modern/-/tape-modern-1.0.1.tgz",
   "integrity": "sha512-HqPtw3bBBavL479X8Fn817ZfRVaiLfC7ZUOz8jjrJtRPLMdI82wI/U7bDV4mo8e294pWjvKQwY/J5eatJZiQKQ==",
   "dev": true
  }
 }
}
